// !$*UTF8*$!
{
	archiveVersion = 1;
	classes = {
	};
	objectVersion = 48;
	objects = {

/* Begin PBXBuildFile section */
		224744971F9D9B6700A3E7E2 /* Play.swift in Sources */ = {isa = PBXBuildFile; fileRef = 224744961F9D9B6700A3E7E2 /* Play.swift */; };
		225D93581F89F0C200644665 /* LeagueVC.swift in Sources */ = {isa = PBXBuildFile; fileRef = 225D93571F89F0C200644665 /* LeagueVC.swift */; };
		225D935A1F89F10400644665 /* StyleVC.swift in Sources */ = {isa = PBXBuildFile; fileRef = 225D93591F89F10400644665 /* StyleVC.swift */; };
		225D935D1F8A659000644665 /* FinalVC.swift in Sources */ = {isa = PBXBuildFile; fileRef = 225D935C1F8A659000644665 /* FinalVC.swift */; };
		2282853A1F87518600F2194D /* AppDelegate.swift in Sources */ = {isa = PBXBuildFile; fileRef = 228285391F87518600F2194D /* AppDelegate.swift */; };
		2282853C1F87518600F2194D /* WelcomeVC.swift in Sources */ = {isa = PBXBuildFile; fileRef = 2282853B1F87518600F2194D /* WelcomeVC.swift */; };
		2282853F1F87518600F2194D /* Main.storyboard in Resources */ = {isa = PBXBuildFile; fileRef = 2282853D1F87518600F2194D /* Main.storyboard */; };
		228285411F87518600F2194D /* Assets.xcassets in Resources */ = {isa = PBXBuildFile; fileRef = 228285401F87518600F2194D /* Assets.xcassets */; };
		228285441F87518600F2194D /* LaunchScreen.storyboard in Resources */ = {isa = PBXBuildFile; fileRef = 228285421F87518600F2194D /* LaunchScreen.storyboard */; };
		2282854F1F87518600F2194D /* SwooshTests.swift in Sources */ = {isa = PBXBuildFile; fileRef = 2282854E1F87518600F2194D /* SwooshTests.swift */; };
		2282855A1F87518600F2194D /* SwooshUITests.swift in Sources */ = {isa = PBXBuildFile; fileRef = 228285591F87518600F2194D /* SwooshUITests.swift */; };
/* End PBXBuildFile section */

/* Begin PBXContainerItemProxy section */
		2282854B1F87518600F2194D /* PBXContainerItemProxy */ = {
			isa = PBXContainerItemProxy;
			containerPortal = 2282852E1F87518600F2194D /* Project object */;
			proxyType = 1;
			remoteGlobalIDString = 228285351F87518600F2194D;
			remoteInfo = Swoosh;
		};
		228285561F87518600F2194D /* PBXContainerItemProxy */ = {
			isa = PBXContainerItemProxy;
			containerPortal = 2282852E1F87518600F2194D /* Project object */;
			proxyType = 1;
			remoteGlobalIDString = 228285351F87518600F2194D;
			remoteInfo = Swoosh;
		};
/* End PBXContainerItemProxy section */

/* Begin PBXFileReference section */
		224744961F9D9B6700A3E7E2 /* Play.swift */ = {isa = PBXFileReference; lastKnownFileType = sourcecode.swift; path = Play.swift; sourceTree = "<group>"; };
		225D93571F89F0C200644665 /* LeagueVC.swift */ = {isa = PBXFileReference; lastKnownFileType = sourcecode.swift; path = LeagueVC.swift; sourceTree = "<group>"; };
		225D93591F89F10400644665 /* StyleVC.swift */ = {isa = PBXFileReference; lastKnownFileType = sourcecode.swift; path = StyleVC.swift; sourceTree = "<group>"; };
		225D935C1F8A659000644665 /* FinalVC.swift */ = {isa = PBXFileReference; lastKnownFileType = sourcecode.swift; path = FinalVC.swift; sourceTree = "<group>"; };
		228285361F87518600F2194D /* Swoosh.app */ = {isa = PBXFileReference; explicitFileType = wrapper.application; includeInIndex = 0; path = Swoosh.app; sourceTree = BUILT_PRODUCTS_DIR; };
		228285391F87518600F2194D /* AppDelegate.swift */ = {isa = PBXFileReference; lastKnownFileType = sourcecode.swift; path = AppDelegate.swift; sourceTree = "<group>"; };
		2282853B1F87518600F2194D /* WelcomeVC.swift */ = {isa = PBXFileReference; lastKnownFileType = sourcecode.swift; path = WelcomeVC.swift; sourceTree = "<group>"; };
		2282853E1F87518600F2194D /* Base */ = {isa = PBXFileReference; lastKnownFileType = file.storyboard; name = Base; path = Base.lproj/Main.storyboard; sourceTree = "<group>"; };
		228285401F87518600F2194D /* Assets.xcassets */ = {isa = PBXFileReference; lastKnownFileType = folder.assetcatalog; path = Assets.xcassets; sourceTree = "<group>"; };
		228285431F87518600F2194D /* Base */ = {isa = PBXFileReference; lastKnownFileType = file.storyboard; name = Base; path = Base.lproj/LaunchScreen.storyboard; sourceTree = "<group>"; };
		228285451F87518600F2194D /* Info.plist */ = {isa = PBXFileReference; lastKnownFileType = text.plist.xml; path = Info.plist; sourceTree = "<group>"; };
		2282854A1F87518600F2194D /* SwooshTests.xctest */ = {isa = PBXFileReference; explicitFileType = wrapper.cfbundle; includeInIndex = 0; path = SwooshTests.xctest; sourceTree = BUILT_PRODUCTS_DIR; };
		2282854E1F87518600F2194D /* SwooshTests.swift */ = {isa = PBXFileReference; lastKnownFileType = sourcecode.swift; path = SwooshTests.swift; sourceTree = "<group>"; };
		228285501F87518600F2194D /* Info.plist */ = {isa = PBXFileReference; lastKnownFileType = text.plist.xml; path = Info.plist; sourceTree = "<group>"; };
		228285551F87518600F2194D /* SwooshUITests.xctest */ = {isa = PBXFileReference; explicitFileType = wrapper.cfbundle; includeInIndex = 0; path = SwooshUITests.xctest; sourceTree = BUILT_PRODUCTS_DIR; };
		228285591F87518600F2194D /* SwooshUITests.swift */ = {isa = PBXFileReference; lastKnownFileType = sourcecode.swift; path = SwooshUITests.swift; sourceTree = "<group>"; };
		2282855B1F87518600F2194D /* Info.plist */ = {isa = PBXFileReference; lastKnownFileType = text.plist.xml; path = Info.plist; sourceTree = "<group>"; };
/* End PBXFileReference section */

/* Begin PBXFrameworksBuildPhase section */
		228285331F87518600F2194D /* Frameworks */ = {
			isa = PBXFrameworksBuildPhase;
			buildActionMask = 2147483647;
			files = (
			);
			runOnlyForDeploymentPostprocessing = 0;
		};
		228285471F87518600F2194D /* Frameworks */ = {
			isa = PBXFrameworksBuildPhase;
			buildActionMask = 2147483647;
			files = (
			);
			runOnlyForDeploymentPostprocessing = 0;
		};
		228285521F87518600F2194D /* Frameworks */ = {
			isa = PBXFrameworksBuildPhase;
			buildActionMask = 2147483647;
			files = (
			);
			runOnlyForDeploymentPostprocessing = 0;
		};
/* End PBXFrameworksBuildPhase section */

/* Begin PBXGroup section */
		224744951F9D9B3E00A3E7E2 /* Model */ = {
			isa = PBXGroup;
			children = (
				224744961F9D9B6700A3E7E2 /* Play.swift */,
			);
			path = Model;
			sourceTree = "<group>";
		};
		225D935B1F89F10D00644665 /* Controller */ = {
			isa = PBXGroup;
			children = (
				2282853B1F87518600F2194D /* WelcomeVC.swift */,
				225D93571F89F0C200644665 /* LeagueVC.swift */,
				225D93591F89F10400644665 /* StyleVC.swift */,
				225D935C1F8A659000644665 /* FinalVC.swift */,
			);
			path = Controller;
			sourceTree = "<group>";
		};
		2282852D1F87518600F2194D = {
			isa = PBXGroup;
			children = (
				228285381F87518600F2194D /* Swoosh */,
				2282854D1F87518600F2194D /* SwooshTests */,
				228285581F87518600F2194D /* SwooshUITests */,
				228285371F87518600F2194D /* Products */,
			);
			sourceTree = "<group>";
		};
		228285371F87518600F2194D /* Products */ = {
			isa = PBXGroup;
			children = (
				228285361F87518600F2194D /* Swoosh.app */,
				2282854A1F87518600F2194D /* SwooshTests.xctest */,
				228285551F87518600F2194D /* SwooshUITests.xctest */,
			);
			name = Products;
			sourceTree = "<group>";
		};
		228285381F87518600F2194D /* Swoosh */ = {
			isa = PBXGroup;
			children = (
				224744951F9D9B3E00A3E7E2 /* Model */,
				225D935B1F89F10D00644665 /* Controller */,
				228285391F87518600F2194D /* AppDelegate.swift */,
				2282853D1F87518600F2194D /* Main.storyboard */,
				228285401F87518600F2194D /* Assets.xcassets */,
				228285421F87518600F2194D /* LaunchScreen.storyboard */,
				228285451F87518600F2194D /* Info.plist */,
			);
			path = Swoosh;
			sourceTree = "<group>";
		};
		2282854D1F87518600F2194D /* SwooshTests */ = {
			isa = PBXGroup;
			children = (
				2282854E1F87518600F2194D /* SwooshTests.swift */,
				228285501F87518600F2194D /* Info.plist */,
			);
			path = SwooshTests;
			sourceTree = "<group>";
		};
		228285581F87518600F2194D /* SwooshUITests */ = {
			isa = PBXGroup;
			children = (
				228285591F87518600F2194D /* SwooshUITests.swift */,
				2282855B1F87518600F2194D /* Info.plist */,
			);
			path = SwooshUITests;
			sourceTree = "<group>";
		};
/* End PBXGroup section */

/* Begin PBXNativeTarget section */
		228285351F87518600F2194D /* Swoosh */ = {
			isa = PBXNativeTarget;
			buildConfigurationList = 2282855E1F87518600F2194D /* Build configuration list for PBXNativeTarget "Swoosh" */;
			buildPhases = (
				228285321F87518600F2194D /* Sources */,
				228285331F87518600F2194D /* Frameworks */,
				228285341F87518600F2194D /* Resources */,
			);
			buildRules = (
			);
			dependencies = (
			);
			name = Swoosh;
			productName = Swoosh;
			productReference = 228285361F87518600F2194D /* Swoosh.app */;
			productType = "com.apple.product-type.application";
		};
		228285491F87518600F2194D /* SwooshTests */ = {
			isa = PBXNativeTarget;
			buildConfigurationList = 228285611F87518600F2194D /* Build configuration list for PBXNativeTarget "SwooshTests" */;
			buildPhases = (
				228285461F87518600F2194D /* Sources */,
				228285471F87518600F2194D /* Frameworks */,
				228285481F87518600F2194D /* Resources */,
			);
			buildRules = (
			);
			dependencies = (
				2282854C1F87518600F2194D /* PBXTargetDependency */,
			);
			name = SwooshTests;
			productName = SwooshTests;
			productReference = 2282854A1F87518600F2194D /* SwooshTests.xctest */;
			productType = "com.apple.product-type.bundle.unit-test";
		};
		228285541F87518600F2194D /* SwooshUITests */ = {
			isa = PBXNativeTarget;
			buildConfigurationList = 228285641F87518600F2194D /* Build configuration list for PBXNativeTarget "SwooshUITests" */;
			buildPhases = (
				228285511F87518600F2194D /* Sources */,
				228285521F87518600F2194D /* Frameworks */,
				228285531F87518600F2194D /* Resources */,
			);
			buildRules = (
			);
			dependencies = (
				228285571F87518600F2194D /* PBXTargetDependency */,
			);
			name = SwooshUITests;
			productName = SwooshUITests;
			productReference = 228285551F87518600F2194D /* SwooshUITests.xctest */;
			productType = "com.apple.product-type.bundle.ui-testing";
		};
/* End PBXNativeTarget section */

/* Begin PBXProject section */
		2282852E1F87518600F2194D /* Project object */ = {
			isa = PBXProject;
			attributes = {
				LastSwiftUpdateCheck = 0900;
				LastUpgradeCheck = 0900;
				ORGANIZATIONNAME = MAXIMILLIAN;
				TargetAttributes = {
					228285351F87518600F2194D = {
						CreatedOnToolsVersion = 9.0;
						ProvisioningStyle = Automatic;
					};
					228285491F87518600F2194D = {
						CreatedOnToolsVersion = 9.0;
						ProvisioningStyle = Automatic;
						TestTargetID = 228285351F87518600F2194D;
					};
					228285541F87518600F2194D = {
						CreatedOnToolsVersion = 9.0;
						ProvisioningStyle = Automatic;
						TestTargetID = 228285351F87518600F2194D;
					};
				};
			};
			buildConfigurationList = 228285311F87518600F2194D /* Build configuration list for PBXProject "Swoosh" */;
			compatibilityVersion = "Xcode 8.0";
			developmentRegion = en;
			hasScannedForEncodings = 0;
			knownRegions = (
				en,
				Base,
			);
			mainGroup = 2282852D1F87518600F2194D;
			productRefGroup = 228285371F87518600F2194D /* Products */;
			projectDirPath = "";
			projectRoot = "";
			targets = (
				228285351F87518600F2194D /* Swoosh */,
				228285491F87518600F2194D /* SwooshTests */,
				228285541F87518600F2194D /* SwooshUITests */,
			);
		};
/* End PBXProject section */

/* Begin PBXResourcesBuildPhase section */
		228285341F87518600F2194D /* Resources */ = {
			isa = PBXResourcesBuildPhase;
			buildActionMask = 2147483647;
			files = (
				228285441F87518600F2194D /* LaunchScreen.storyboard in Resources */,
				228285411F87518600F2194D /* Assets.xcassets in Resources */,
				2282853F1F87518600F2194D /* Main.storyboard in Resources */,
			);
			runOnlyForDeploymentPostprocessing = 0;
		};
		228285481F87518600F2194D /* Resources */ = {
			isa = PBXResourcesBuildPhase;
			buildActionMask = 2147483647;
			files = (
			);
			runOnlyForDeploymentPostprocessing = 0;
		};
		228285531F87518600F2194D /* Resources */ = {
			isa = PBXResourcesBuildPhase;
			buildActionMask = 2147483647;
			files = (
			);
			runOnlyForDeploymentPostprocessing = 0;
		};
/* End PBXResourcesBuildPhase section */

/* Begin PBXSourcesBuildPhase section */
		228285321F87518600F2194D /* Sources */ = {
			isa = PBXSourcesBuildPhase;
			buildActionMask = 2147483647;
			files = (
				225D935D1F8A659000644665 /* FinalVC.swift in Sources */,
				2282853C1F87518600F2194D /* WelcomeVC.swift in Sources */,
				2282853A1F87518600F2194D /* AppDelegate.swift in Sources */,
				225D935A1F89F10400644665 /* StyleVC.swift in Sources */,
				225D93581F89F0C200644665 /* LeagueVC.swift in Sources */,
				224744971F9D9B6700A3E7E2 /* Play.swift in Sources */,
			);
			runOnlyForDeploymentPostprocessing = 0;
		};
		228285461F87518600F2194D /* Sources */ = {
			isa = PBXSourcesBuildPhase;
			buildActionMask = 2147483647;
			files = (
				2282854F1F87518600F2194D /* SwooshTests.swift in Sources */,
			);
			runOnlyForDeploymentPostprocessing = 0;
		};
		228285511F87518600F2194D /* Sources */ = {
			isa = PBXSourcesBuildPhase;
			buildActionMask = 2147483647;
			files = (
				2282855A1F87518600F2194D /* SwooshUITests.swift in Sources */,
			);
			runOnlyForDeploymentPostprocessing = 0;
		};
/* End PBXSourcesBuildPhase section */

/* Begin PBXTargetDependency section */
		2282854C1F87518600F2194D /* PBXTargetDependency */ = {
			isa = PBXTargetDependency;
			target = 228285351F87518600F2194D /* Swoosh */;
			targetProxy = 2282854B1F87518600F2194D /* PBXContainerItemProxy */;
		};
		228285571F87518600F2194D /* PBXTargetDependency */ = {
			isa = PBXTargetDependency;
			target = 228285351F87518600F2194D /* Swoosh */;
			targetProxy = 228285561F87518600F2194D /* PBXContainerItemProxy */;
		};
/* End PBXTargetDependency section */

/* Begin PBXVariantGroup section */
		2282853D1F87518600F2194D /* Main.storyboard */ = {
			isa = PBXVariantGroup;
			children = (
				2282853E1F87518600F2194D /* Base */,
			);
			name = Main.storyboard;
			sourceTree = "<group>";
		};
		228285421F87518600F2194D /* LaunchScreen.storyboard */ = {
			isa = PBXVariantGroup;
			children = (
				228285431F87518600F2194D /* Base */,
			);
			name = LaunchScreen.storyboard;
			sourceTree = "<group>";
		};
/* End PBXVariantGroup section */

/* Begin XCBuildConfiguration section */
		2282855C1F87518600F2194D /* Debug */ = {
			isa = XCBuildConfiguration;
			buildSettings = {
				ALWAYS_SEARCH_USER_PATHS = NO;
				CLANG_ANALYZER_NONNULL = YES;
				CLANG_ANALYZER_NUMBER_OBJECT_CONVERSION = YES_AGGRESSIVE;
				CLANG_CXX_LANGUAGE_STANDARD = "gnu++14";
				CLANG_CXX_LIBRARY = "libc++";
				CLANG_ENABLE_MODULES = YES;
				CLANG_ENABLE_OBJC_ARC = YES;
				CLANG_WARN_BLOCK_CAPTURE_AUTORELEASING = YES;
				CLANG_WARN_BOOL_CONVERSION = YES;
				CLANG_WARN_COMMA = YES;
				CLANG_WARN_CONSTANT_CONVERSION = YES;
				CLANG_WARN_DIRECT_OBJC_ISA_USAGE = YES_ERROR;
				CLANG_WARN_DOCUMENTATION_COMMENTS = YES;
				CLANG_WARN_EMPTY_BODY = YES;
				CLANG_WARN_ENUM_CONVERSION = YES;
				CLANG_WARN_INFINITE_RECURSION = YES;
				CLANG_WARN_INT_CONVERSION = YES;
				CLANG_WARN_NON_LITERAL_NULL_CONVERSION = YES;
				CLANG_WARN_OBJC_LITERAL_CONVERSION = YES;
				CLANG_WARN_OBJC_ROOT_CLASS = YES_ERROR;
				CLANG_WARN_RANGE_LOOP_ANALYSIS = YES;
				CLANG_WARN_STRICT_PROTOTYPES = YES;
				CLANG_WARN_SUSPICIOUS_MOVE = YES;
				CLANG_WARN_UNGUARDED_AVAILABILITY = YES_AGGRESSIVE;
				CLANG_WARN_UNREACHABLE_CODE = YES;
				CLANG_WARN__DUPLICATE_METHOD_MATCH = YES;
				CODE_SIGN_IDENTITY = "iPhone Developer";
				COPY_PHASE_STRIP = NO;
				DEBUG_INFORMATION_FORMAT = dwarf;
				ENABLE_STRICT_OBJC_MSGSEND = YES;
				ENABLE_TESTABILITY = YES;
				GCC_C_LANGUAGE_STANDARD = gnu11;
				GCC_DYNAMIC_NO_PIC = NO;
				GCC_NO_COMMON_BLOCKS = YES;
				GCC_OPTIMIZATION_LEVEL = 0;
				GCC_PREPROCESSOR_DEFINITIONS = (
					"DEBUG=1",
					"$(inherited)",
				);
				GCC_WARN_64_TO_32_BIT_CONVERSION = YES;
				GCC_WARN_ABOUT_RETURN_TYPE = YES_ERROR;
				GCC_WARN_UNDECLARED_SELECTOR = YES;
				GCC_WARN_UNINITIALIZED_AUTOS = YES_AGGRESSIVE;
				GCC_WARN_UNUSED_FUNCTION = YES;
				GCC_WARN_UNUSED_VARIABLE = YES;
				IPHONEOS_DEPLOYMENT_TARGET = 11.0;
				MTL_ENABLE_DEBUG_INFO = YES;
				ONLY_ACTIVE_ARCH = YES;
				SDKROOT = iphoneos;
				SWIFT_ACTIVE_COMPILATION_CONDITIONS = DEBUG;
				SWIFT_OPTIMIZATION_LEVEL = "-Onone";
			};
			name = Debug;
		};
		2282855D1F87518600F2194D /* Release */ = {
			isa = XCBuildConfiguration;
			buildSettings = {
				ALWAYS_SEARCH_USER_PATHS = NO;
				CLANG_ANALYZER_NONNULL = YES;
				CLANG_ANALYZER_NUMBER_OBJECT_CONVERSION = YES_AGGRESSIVE;
				CLANG_CXX_LANGUAGE_STANDARD = "gnu++14";
				CLANG_CXX_LIBRARY = "libc++";
				CLANG_ENABLE_MODULES = YES;
				CLANG_ENABLE_OBJC_ARC = YES;
				CLANG_WARN_BLOCK_CAPTURE_AUTORELEASING = YES;
				CLANG_WARN_BOOL_CONVERSION = YES;
				CLANG_WARN_COMMA = YES;
				CLANG_WARN_CONSTANT_CONVERSION = YES;
				CLANG_WARN_DIRECT_OBJC_ISA_USAGE = YES_ERROR;
				CLANG_WARN_DOCUMENTATION_COMMENTS = YES;
				CLANG_WARN_EMPTY_BODY = YES;
				CLANG_WARN_ENUM_CONVERSION = YES;
				CLANG_WARN_INFINITE_RECURSION = YES;
				CLANG_WARN_INT_CONVERSION = YES;
				CLANG_WARN_NON_LITERAL_NULL_CONVERSION = YES;
				CLANG_WARN_OBJC_LITERAL_CONVERSION = YES;
				CLANG_WARN_OBJC_ROOT_CLASS = YES_ERROR;
				CLANG_WARN_RANGE_LOOP_ANALYSIS = YES;
				CLANG_WARN_STRICT_PROTOTYPES = YES;
				CLANG_WARN_SUSPICIOUS_MOVE = YES;
				CLANG_WARN_UNGUARDED_AVAILABILITY = YES_AGGRESSIVE;
				CLANG_WARN_UNREACHABLE_CODE = YES;
				CLANG_WARN__DUPLICATE_METHOD_MATCH = YES;
				CODE_SIGN_IDENTITY = "iPhone Developer";
				COPY_PHASE_STRIP = NO;
				DEBUG_INFORMATION_FORMAT = "dwarf-with-dsym";
				ENABLE_NS_ASSERTIONS = NO;
				ENABLE_STRICT_OBJC_MSGSEND = YES;
				GCC_C_LANGUAGE_STANDARD = gnu11;
				GCC_NO_COMMON_BLOCKS = YES;
				GCC_WARN_64_TO_32_BIT_CONVERSION = YES;
				GCC_WARN_ABOUT_RETURN_TYPE = YES_ERROR;
				GCC_WARN_UNDECLARED_SELECTOR = YES;
				GCC_WARN_UNINITIALIZED_AUTOS = YES_AGGRESSIVE;
				GCC_WARN_UNUSED_FUNCTION = YES;
				GCC_WARN_UNUSED_VARIABLE = YES;
				IPHONEOS_DEPLOYMENT_TARGET = 11.0;
				MTL_ENABLE_DEBUG_INFO = NO;
				SDKROOT = iphoneos;
				SWIFT_OPTIMIZATION_LEVEL = "-Owholemodule";
				VALIDATE_PRODUCT = YES;
			};
			name = Release;
		};
		2282855F1F87518600F2194D /* Debug */ = {
			isa = XCBuildConfiguration;
			buildSettings = {
				ASSETCATALOG_COMPILER_APPICON_NAME = AppIcon;
				CODE_SIGN_STYLE = Automatic;
				DEVELOPMENT_TEAM = 2TTJ77U7C4;
				INFOPLIST_FILE = Swoosh/Info.plist;
				LD_RUNPATH_SEARCH_PATHS = "$(inherited) @executable_path/Frameworks";
				PRODUCT_BUNDLE_IDENTIFIER = millian.Swoosh;
				PRODUCT_NAME = "$(TARGET_NAME)";
				SWIFT_VERSION = 4.0;
				TARGETED_DEVICE_FAMILY = "1,2";
			};
			name = Debug;
		};
		228285601F87518600F2194D /* Release */ = {
			isa = XCBuildConfiguration;
			buildSettings = {
				ASSETCATALOG_COMPILER_APPICON_NAME = AppIcon;
				CODE_SIGN_STYLE = Automatic;
				DEVELOPMENT_TEAM = 2TTJ77U7C4;
				INFOPLIST_FILE = Swoosh/Info.plist;
				LD_RUNPATH_SEARCH_PATHS = "$(inherited) @executable_path/Frameworks";
				PRODUCT_BUNDLE_IDENTIFIER = millian.Swoosh;
				PRODUCT_NAME = "$(TARGET_NAME)";
				SWIFT_VERSION = 4.0;
				TARGETED_DEVICE_FAMILY = "1,2";
			};
			name = Release;
		};
		228285621F87518600F2194D /* Debug */ = {
			isa = XCBuildConfiguration;
			buildSettings = {
				ALWAYS_EMBED_SWIFT_STANDARD_LIBRARIES = YES;
				BUNDLE_LOADER = "$(TEST_HOST)";
				CODE_SIGN_STYLE = Automatic;
				DEVELOPMENT_TEAM = 2TTJ77U7C4;
				INFOPLIST_FILE = SwooshTests/Info.plist;
				LD_RUNPATH_SEARCH_PATHS = "$(inherited) @executable_path/Frameworks @loader_path/Frameworks";
				PRODUCT_BUNDLE_IDENTIFIER = millian.SwooshTests;
				PRODUCT_NAME = "$(TARGET_NAME)";
				SWIFT_VERSION = 4.0;
				TARGETED_DEVICE_FAMILY = "1,2";
				TEST_HOST = "$(BUILT_PRODUCTS_DIR)/Swoosh.app/Swoosh";
			};
			name = Debug;
		};
		228285631F87518600F2194D /* Release */ = {
			isa = XCBuildConfiguration;
			buildSettings = {
				ALWAYS_EMBED_SWIFT_STANDARD_LIBRARIES = YES;
				BUNDLE_LOADER = "$(TEST_HOST)";
				CODE_SIGN_STYLE = Automatic;
				DEVELOPMENT_TEAM = 2TTJ77U7C4;
				INFOPLIST_FILE = SwooshTests/Info.plist;
				LD_RUNPATH_SEARCH_PATHS = "$(inherited) @executable_path/Frameworks @loader_path/Frameworks";
				PRODUCT_BUNDLE_IDENTIFIER = millian.SwooshTests;
				PRODUCT_NAME = "$(TARGET_NAME)";
				SWIFT_VERSION = 4.0;
				TARGETED_DEVICE_FAMILY = "1,2";
				TEST_HOST = "$(BUILT_PRODUCTS_DIR)/Swoosh.app/Swoosh";
			};
			name = Release;
		};
		228285651F87518600F2194D /* Debug */ = {
			isa = XCBuildConfiguration;
			buildSettings = {
				ALWAYS_EMBED_SWIFT_STANDARD_LIBRARIES = YES;
				CODE_SIGN_STYLE = Automatic;
				DEVELOPMENT_TEAM = 2TTJ77U7C4;
				INFOPLIST_FILE = SwooshUITests/Info.plist;
				LD_RUNPATH_SEARCH_PATHS = "$(inherited) @executable_path/Frameworks @loader_path/Frameworks";
				PRODUCT_BUNDLE_IDENTIFIER = millian.SwooshUITests;
				PRODUCT_NAME = "$(TARGET_NAME)";
				SWIFT_VERSION = 4.0;
				TARGETED_DEVICE_FAMILY = "1,2";
				TEST_TARGET_NAME = Swoosh;
			};
			name = Debug;
		};
		228285661F87518600F2194D /* Release */ = {
			isa = XCBuildConfiguration;
			buildSettings = {
				ALWAYS_EMBED_SWIFT_STANDARD_LIBRARIES = YES;
				CODE_SIGN_STYLE = Automatic;
				DEVELOPMENT_TEAM = 2TTJ77U7C4;
				INFOPLIST_FILE = SwooshUITests/Info.plist;
				LD_RUNPATH_SEARCH_PATHS = "$(inherited) @executable_path/Frameworks @loader_path/Frameworks";
				PRODUCT_BUNDLE_IDENTIFIER = millian.SwooshUITests;
				PRODUCT_NAME = "$(TARGET_NAME)";
				SWIFT_VERSION = 4.0;
				TARGETED_DEVICE_FAMILY = "1,2";
				TEST_TARGET_NAME = Swoosh;
			};
			name = Release;
		};
/* End XCBuildConfiguration section */

/* Begin XCConfigurationList section */
		228285311F87518600F2194D /* Build configuration list for PBXProject "Swoosh" */ = {
			isa = XCConfigurationList;
			buildConfigurations = (
				2282855C1F87518600F2194D /* Debug */,
				2282855D1F87518600F2194D /* Release */,
			);
			defaultConfigurationIsVisible = 0;
			defaultConfigurationName = Release;
		};
		2282855E1F87518600F2194D /* Build configuration list for PBXNativeTarget "Swoosh" */ = {
			isa = XCConfigurationList;
			buildConfigurations = (
				2282855F1F87518600F2194D /* Debug */,
				228285601F87518600F2194D /* Release */,
			);
			defaultConfigurationIsVisible = 0;
			defaultConfigurationName = Release;
		};
		228285611F87518600F2194D /* Build configuration list for PBXNativeTarget "SwooshTests" */ = {
			isa = XCConfigurationList;
			buildConfigurations = (
				228285621F87518600F2194D /* Debug */,
				228285631F87518600F2194D /* Release */,
			);
			defaultConfigurationIsVisible = 0;
			defaultConfigurationName = Release;
		};
		228285641F87518600F2194D /* Build configuration list for PBXNativeTarget "SwooshUITests" */ = {
			isa = XCConfigurationList;
			buildConfigurations = (
				228285651F87518600F2194D /* Debug */,
				228285661F87518600F2194D /* Release */,
			);
			defaultConfigurationIsVisible = 0;
			defaultConfigurationName = Release;
		};
/* End XCConfigurationList section */
	};
	rootObject = 2282852E1F87518600F2194D /* Project object */;
}
